
Microsoft Visual Studio Solution File, Format Version 12.00
# Visual Studio Version 16
VisualStudioVersion = 16.0.30320.27
MinimumVisualStudioVersion = 10.0.40219.1
Project("{FAE04EC0-301F-11D3-BF4B-00C04F79EFBC}") = "Resistor Color Code Calculator", "Resistor Color Code Calculator\Resistor Color Code Calculator.csproj", "{8707C143-F27C-40A8-98DF-E243A43E26A2}"
EndProject
Project("{FAE04EC0-301F-11D3-BF4B-00C04F79EFBC}") = "UnitTestProject", "UnitTestProject\UnitTestProject.csproj", "{F11182B9-2CE0-4903-AE9D-D1F22AB4AD10}"
EndProject
Global
	GlobalSection(SolutionConfigurationPlatforms) = preSolution
		Debug|Any CPU = Debug|Any CPU
		Release|Any CPU = Release|Any CPU
	EndGlobalSection
	GlobalSection(ProjectConfigurationPlatforms) = postSolution
		{8707C143-F27C-40A8-98DF-E243A43E26A2}.Debug|Any CPU.ActiveCfg = Debug|Any CPU
		{8707C143-F27C-40A8-98DF-E243A43E26A2}.Debug|Any CPU.Build.0 = Debug|Any CPU
		{8707C143-F27C-40A8-98DF-E243A43E26A2}.Release|Any CPU.ActiveCfg = Release|Any CPU
		{8707C143-F27C-40A8-98DF-E243A43E26A2}.Release|Any CPU.Build.0 = Release|Any CPU
		{F11182B9-2CE0-4903-AE9D-D1F22AB4AD10}.Debug|Any CPU.ActiveCfg = Debug|Any CPU
		{F11182B9-2CE0-4903-AE9D-D1F22AB4AD10}.Debug|Any CPU.Build.0 = Debug|Any CPU
		{F11182B9-2CE0-4903-AE9D-D1F22AB4AD10}.Release|Any CPU.ActiveCfg = Release|Any CPU
		{F11182B9-2CE0-4903-AE9D-D1F22AB4AD10}.Release|Any CPU.Build.0 = Release|Any CPU
	EndGlobalSection
	GlobalSection(SolutionProperties) = preSolution
		HideSolutionNode = FALSE
	EndGlobalSection
	GlobalSection(ExtensibilityGlobals) = postSolution
		SolutionGuid = {2ECB159D-216E-4870-BF6F-B242674FF2D2}
	EndGlobalSection
EndGlobal
